
Microsoft Visual Studio Solution File, Format Version 12.00
# Visual Studio Version 17
VisualStudioVersion = 17.7.34018.315
MinimumVisualStudioVersion = 10.0.40219.1
Project("{888888A0-9F3D-457C-B088-3A5042F75D52}") = "SolomennikovDZ2_1", "SolomennikovDZ2_1\SolomennikovDZ2_1.pyproj", "{3D0802E4-5CEF-4DBC-ACBE-6D83F2051FAD}"
EndProject
Project("{2150E333-8FDC-42A3-9474-1A3956D46DE8}") = "Элементы решения", "Элементы решения", "{E7DDDBD1-DDE2-4EF1-9452-5267F78EB5C8}"
	ProjectSection(SolutionItems) = preProject
		..\..\..\Desktop\SolomennukovDZ2\first_task.npy = ..\..\..\Desktop\SolomennukovDZ2\first_task.npy
	EndProjectSection
EndProject
Project("{2150E333-8FDC-42A3-9474-1A3956D46DE8}") = "DZ25_2", "DZ25_2", "{D60772DD-57F7-49FF-9721-BB1C0329C2D0}"
	ProjectSection(SolutionItems) = preProject
		..\..\..\Desktop\SolomennukovDZ2\first_task.npy = ..\..\..\Desktop\SolomennukovDZ2\first_task.npy
	EndProjectSection
EndProject
Global
	GlobalSection(SolutionConfigurationPlatforms) = preSolution
		Debug|Any CPU = Debug|Any CPU
		Release|Any CPU = Release|Any CPU
	EndGlobalSection
	GlobalSection(ProjectConfigurationPlatforms) = postSolution
		{3D0802E4-5CEF-4DBC-ACBE-6D83F2051FAD}.Debug|Any CPU.ActiveCfg = Debug|Any CPU
		{3D0802E4-5CEF-4DBC-ACBE-6D83F2051FAD}.Release|Any CPU.ActiveCfg = Release|Any CPU
	EndGlobalSection
	GlobalSection(SolutionProperties) = preSolution
		HideSolutionNode = FALSE
	EndGlobalSection
	GlobalSection(NestedProjects) = preSolution
		{D60772DD-57F7-49FF-9721-BB1C0329C2D0} = {E7DDDBD1-DDE2-4EF1-9452-5267F78EB5C8}
	EndGlobalSection
	GlobalSection(ExtensibilityGlobals) = postSolution
		SolutionGuid = {F5E23891-EA38-411C-AE12-81ED344B1A14}
	EndGlobalSection
EndGlobal
